// !$*UTF8*$!
{
	archiveVersion = 1;
	classes = {
	};
	objectVersion = 50;
	objects = {

/* Begin PBXBuildFile section */
		893DC35924C16492001A6133 /* AppDelegate.swift in Sources */ = {isa = PBXBuildFile; fileRef = 893DC35824C16492001A6133 /* AppDelegate.swift */; };
		893DC35B24C16492001A6133 /* SceneDelegate.swift in Sources */ = {isa = PBXBuildFile; fileRef = 893DC35A24C16492001A6133 /* SceneDelegate.swift */; };
		893DC35D24C16492001A6133 /* ViewController.swift in Sources */ = {isa = PBXBuildFile; fileRef = 893DC35C24C16492001A6133 /* ViewController.swift */; };
		893DC36024C16492001A6133 /* Main.storyboard in Resources */ = {isa = PBXBuildFile; fileRef = 893DC35E24C16492001A6133 /* Main.storyboard */; };
		893DC36224C16495001A6133 /* Assets.xcassets in Resources */ = {isa = PBXBuildFile; fileRef = 893DC36124C16495001A6133 /* Assets.xcassets */; };
		893DC36524C16495001A6133 /* LaunchScreen.storyboard in Resources */ = {isa = PBXBuildFile; fileRef = 893DC36324C16495001A6133 /* LaunchScreen.storyboard */; };
		893DC36D24C165C6001A6133 /* JBPhoneNumberFormat.swift in Sources */ = {isa = PBXBuildFile; fileRef = 893DC36C24C165C6001A6133 /* JBPhoneNumberFormat.swift */; };
		89A8BBCA24C51D0800C5D9AB /* String+Ext.swift in Sources */ = {isa = PBXBuildFile; fileRef = 89A8BBC924C51D0800C5D9AB /* String+Ext.swift */; };
/* End PBXBuildFile section */

/* Begin PBXFileReference section */
		893DC35524C16492001A6133 /* JBPhoneNumberFormat.app */ = {isa = PBXFileReference; explicitFileType = wrapper.application; includeInIndex = 0; path = JBPhoneNumberFormat.app; sourceTree = BUILT_PRODUCTS_DIR; };
		893DC35824C16492001A6133 /* AppDelegate.swift */ = {isa = PBXFileReference; lastKnownFileType = sourcecode.swift; path = AppDelegate.swift; sourceTree = "<group>"; };
		893DC35A24C16492001A6133 /* SceneDelegate.swift */ = {isa = PBXFileReference; lastKnownFileType = sourcecode.swift; path = SceneDelegate.swift; sourceTree = "<group>"; };
		893DC35C24C16492001A6133 /* ViewController.swift */ = {isa = PBXFileReference; lastKnownFileType = sourcecode.swift; path = ViewController.swift; sourceTree = "<group>"; };
		893DC35F24C16492001A6133 /* Base */ = {isa = PBXFileReference; lastKnownFileType = file.storyboard; name = Base; path = Base.lproj/Main.storyboard; sourceTree = "<group>"; };
		893DC36124C16495001A6133 /* Assets.xcassets */ = {isa = PBXFileReference; lastKnownFileType = folder.assetcatalog; path = Assets.xcassets; sourceTree = "<group>"; };
		893DC36424C16495001A6133 /* Base */ = {isa = PBXFileReference; lastKnownFileType = file.storyboard; name = Base; path = Base.lproj/LaunchScreen.storyboard; sourceTree = "<group>"; };
		893DC36624C16495001A6133 /* Info.plist */ = {isa = PBXFileReference; lastKnownFileType = text.plist.xml; path = Info.plist; sourceTree = "<group>"; };
		893DC36C24C165C6001A6133 /* JBPhoneNumberFormat.swift */ = {isa = PBXFileReference; lastKnownFileType = sourcecode.swift; path = JBPhoneNumberFormat.swift; sourceTree = "<group>"; };
		89A8BBC924C51D0800C5D9AB /* String+Ext.swift */ = {isa = PBXFileReference; lastKnownFileType = sourcecode.swift; path = "String+Ext.swift"; sourceTree = "<group>"; };
/* End PBXFileReference section */

/* Begin PBXFrameworksBuildPhase section */
		893DC35224C16492001A6133 /* Frameworks */ = {
			isa = PBXFrameworksBuildPhase;
			buildActionMask = 2147483647;
			files = (
			);
			runOnlyForDeploymentPostprocessing = 0;
		};
/* End PBXFrameworksBuildPhase section */

/* Begin PBXGroup section */
		893DC34C24C16492001A6133 = {
			isa = PBXGroup;
			children = (
				893DC35724C16492001A6133 /* JBPhoneNumberFormat */,
				893DC35624C16492001A6133 /* Products */,
			);
			sourceTree = "<group>";
		};
		893DC35624C16492001A6133 /* Products */ = {
			isa = PBXGroup;
			children = (
				893DC35524C16492001A6133 /* JBPhoneNumberFormat.app */,
			);
			name = Products;
			sourceTree = "<group>";
		};
		893DC35724C16492001A6133 /* JBPhoneNumberFormat */ = {
			isa = PBXGroup;
			children = (
				893DC35C24C16492001A6133 /* ViewController.swift */,
				893DC35E24C16492001A6133 /* Main.storyboard */,
				893DC36C24C165C6001A6133 /* JBPhoneNumberFormat.swift */,
				893DC36624C16495001A6133 /* Info.plist */,
				89A8BBC824C519AC00C5D9AB /* Supporting Files */,
				89A8BBC924C51D0800C5D9AB /* String+Ext.swift */,
			);
			path = JBPhoneNumberFormat;
			sourceTree = "<group>";
		};
		89A8BBC824C519AC00C5D9AB /* Supporting Files */ = {
			isa = PBXGroup;
			children = (
				893DC35824C16492001A6133 /* AppDelegate.swift */,
				893DC35A24C16492001A6133 /* SceneDelegate.swift */,
				893DC36124C16495001A6133 /* Assets.xcassets */,
				893DC36324C16495001A6133 /* LaunchScreen.storyboard */,
			);
			path = "Supporting Files";
			sourceTree = "<group>";
		};
/* End PBXGroup section */

/* Begin PBXNativeTarget section */
		893DC35424C16492001A6133 /* JBPhoneNumberFormat */ = {
			isa = PBXNativeTarget;
			buildConfigurationList = 893DC36924C16495001A6133 /* Build configuration list for PBXNativeTarget "JBPhoneNumberFormat" */;
			buildPhases = (
				893DC35124C16492001A6133 /* Sources */,
				893DC35224C16492001A6133 /* Frameworks */,
				893DC35324C16492001A6133 /* Resources */,
			);
			buildRules = (
			);
			dependencies = (
			);
			name = JBPhoneNumberFormat;
			productName = JBPhoneNumberFormat;
			productReference = 893DC35524C16492001A6133 /* JBPhoneNumberFormat.app */;
			productType = "com.apple.product-type.application";
		};
/* End PBXNativeTarget section */

/* Begin PBXProject section */
		893DC34D24C16492001A6133 /* Project object */ = {
			isa = PBXProject;
			attributes = {
				LastSwiftUpdateCheck = 1150;
				LastUpgradeCheck = 1150;
				ORGANIZATIONNAME = "Jeongbae Kong";
				TargetAttributes = {
					893DC35424C16492001A6133 = {
						CreatedOnToolsVersion = 11.5;
					};
				};
			};
			buildConfigurationList = 893DC35024C16492001A6133 /* Build configuration list for PBXProject "JBPhoneNumberFormat" */;
			compatibilityVersion = "Xcode 9.3";
			developmentRegion = en;
			hasScannedForEncodings = 0;
			knownRegions = (
				en,
				Base,
			);
			mainGroup = 893DC34C24C16492001A6133;
			productRefGroup = 893DC35624C16492001A6133 /* Products */;
			projectDirPath = "";
			projectRoot = "";
			targets = (
				893DC35424C16492001A6133 /* JBPhoneNumberFormat */,
			);
		};
/* End PBXProject section */

/* Begin PBXResourcesBuildPhase section */
		893DC35324C16492001A6133 /* Resources */ = {
			isa = PBXResourcesBuildPhase;
			buildActionMask = 2147483647;
			files = (
				893DC36524C16495001A6133 /* LaunchScreen.storyboard in Resources */,
				893DC36224C16495001A6133 /* Assets.xcassets in Resources */,
				893DC36024C16492001A6133 /* Main.storyboard in Resources */,
			);
			runOnlyForDeploymentPostprocessing = 0;
		};
/* End PBXResourcesBuildPhase section */

/* Begin PBXSourcesBuildPhase section */
		893DC35124C16492001A6133 /* Sources */ = {
			isa = PBXSourcesBuildPhase;
			buildActionMask = 2147483647;
			files = (
				893DC36D24C165C6001A6133 /* JBPhoneNumberFormat.swift in Sources */,
				893DC35D24C16492001A6133 /* ViewController.swift in Sources */,
				893DC35924C16492001A6133 /* AppDelegate.swift in Sources */,
				89A8BBCA24C51D0800C5D9AB /* String+Ext.swift in Sources */,
				893DC35B24C16492001A6133 /* SceneDelegate.swift in Sources */,
			);
			runOnlyForDeploymentPostprocessing = 0;
		};
/* End PBXSourcesBuildPhase section */

/* Begin PBXVariantGroup section */
		893DC35E24C16492001A6133 /* Main.storyboard */ = {
			isa = PBXVariantGroup;
			children = (
				893DC35F24C16492001A6133 /* Base */,
			);
			name = Main.storyboard;
			sourceTree = "<group>";
		};
		893DC36324C16495001A6133 /* LaunchScreen.storyboard */ = {
			isa = PBXVariantGroup;
			children = (
				893DC36424C16495001A6133 /* Base */,
			);
			name = LaunchScreen.storyboard;
			sourceTree = "<group>";
		};
/* End PBXVariantGroup section */

/* Begin XCBuildConfiguration section */
		893DC36724C16495001A6133 /* Debug */ = {
			isa = XCBuildConfiguration;
			buildSettings = {
				ALWAYS_SEARCH_USER_PATHS = NO;
				CLANG_ANALYZER_NONNULL = YES;
				CLANG_ANALYZER_NUMBER_OBJECT_CONVERSION = YES_AGGRESSIVE;
				CLANG_CXX_LANGUAGE_STANDARD = "gnu++14";
				CLANG_CXX_LIBRARY = "libc++";
				CLANG_ENABLE_MODULES = YES;
				CLANG_ENABLE_OBJC_ARC = YES;
				CLANG_ENABLE_OBJC_WEAK = YES;
				CLANG_WARN_BLOCK_CAPTURE_AUTORELEASING = YES;
				CLANG_WARN_BOOL_CONVERSION = YES;
				CLANG_WARN_COMMA = YES;
				CLANG_WARN_CONSTANT_CONVERSION = YES;
				CLANG_WARN_DEPRECATED_OBJC_IMPLEMENTATIONS = YES;
				CLANG_WARN_DIRECT_OBJC_ISA_USAGE = YES_ERROR;
				CLANG_WARN_DOCUMENTATION_COMMENTS = YES;
				CLANG_WARN_EMPTY_BODY = YES;
				CLANG_WARN_ENUM_CONVERSION = YES;
				CLANG_WARN_INFINITE_RECURSION = YES;
				CLANG_WARN_INT_CONVERSION = YES;
				CLANG_WARN_NON_LITERAL_NULL_CONVERSION = YES;
				CLANG_WARN_OBJC_IMPLICIT_RETAIN_SELF = YES;
				CLANG_WARN_OBJC_LITERAL_CONVERSION = YES;
				CLANG_WARN_OBJC_ROOT_CLASS = YES_ERROR;
				CLANG_WARN_RANGE_LOOP_ANALYSIS = YES;
				CLANG_WARN_STRICT_PROTOTYPES = YES;
				CLANG_WARN_SUSPICIOUS_MOVE = YES;
				CLANG_WARN_UNGUARDED_AVAILABILITY = YES_AGGRESSIVE;
				CLANG_WARN_UNREACHABLE_CODE = YES;
				CLANG_WARN__DUPLICATE_METHOD_MATCH = YES;
				COPY_PHASE_STRIP = NO;
				DEBUG_INFORMATION_FORMAT = dwarf;
				ENABLE_STRICT_OBJC_MSGSEND = YES;
				ENABLE_TESTABILITY = YES;
				GCC_C_LANGUAGE_STANDARD = gnu11;
				GCC_DYNAMIC_NO_PIC = NO;
				GCC_NO_COMMON_BLOCKS = YES;
				GCC_OPTIMIZATION_LEVEL = 0;
				GCC_PREPROCESSOR_DEFINITIONS = (
					"DEBUG=1",
					"$(inherited)",
				);
				GCC_WARN_64_TO_32_BIT_CONVERSION = YES;
				GCC_WARN_ABOUT_RETURN_TYPE = YES_ERROR;
				GCC_WARN_UNDECLARED_SELECTOR = YES;
				GCC_WARN_UNINITIALIZED_AUTOS = YES_AGGRESSIVE;
				GCC_WARN_UNUSED_FUNCTION = YES;
				GCC_WARN_UNUSED_VARIABLE = YES;
				IPHONEOS_DEPLOYMENT_TARGET = 13.5;
				MTL_ENABLE_DEBUG_INFO = INCLUDE_SOURCE;
				MTL_FAST_MATH = YES;
				ONLY_ACTIVE_ARCH = YES;
				SDKROOT = iphoneos;
				SWIFT_ACTIVE_COMPILATION_CONDITIONS = DEBUG;
				SWIFT_OPTIMIZATION_LEVEL = "-Onone";
			};
			name = Debug;
		};
		893DC36824C16495001A6133 /* Release */ = {
			isa = XCBuildConfiguration;
			buildSettings = {
				ALWAYS_SEARCH_USER_PATHS = NO;
				CLANG_ANALYZER_NONNULL = YES;
				CLANG_ANALYZER_NUMBER_OBJECT_CONVERSION = YES_AGGRESSIVE;
				CLANG_CXX_LANGUAGE_STANDARD = "gnu++14";
				CLANG_CXX_LIBRARY = "libc++";
				CLANG_ENABLE_MODULES = YES;
				CLANG_ENABLE_OBJC_ARC = YES;
				CLANG_ENABLE_OBJC_WEAK = YES;
				CLANG_WARN_BLOCK_CAPTURE_AUTORELEASING = YES;
				CLANG_WARN_BOOL_CONVERSION = YES;
				CLANG_WARN_COMMA = YES;
				CLANG_WARN_CONSTANT_CONVERSION = YES;
				CLANG_WARN_DEPRECATED_OBJC_IMPLEMENTATIONS = YES;
				CLANG_WARN_DIRECT_OBJC_ISA_USAGE = YES_ERROR;
				CLANG_WARN_DOCUMENTATION_COMMENTS = YES;
				CLANG_WARN_EMPTY_BODY = YES;
				CLANG_WARN_ENUM_CONVERSION = YES;
				CLANG_WARN_INFINITE_RECURSION = YES;
				CLANG_WARN_INT_CONVERSION = YES;
				CLANG_WARN_NON_LITERAL_NULL_CONVERSION = YES;
				CLANG_WARN_OBJC_IMPLICIT_RETAIN_SELF = YES;
				CLANG_WARN_OBJC_LITERAL_CONVERSION = YES;
				CLANG_WARN_OBJC_ROOT_CLASS = YES_ERROR;
				CLANG_WARN_RANGE_LOOP_ANALYSIS = YES;
				CLANG_WARN_STRICT_PROTOTYPES = YES;
				CLANG_WARN_SUSPICIOUS_MOVE = YES;
				CLANG_WARN_UNGUARDED_AVAILABILITY = YES_AGGRESSIVE;
				CLANG_WARN_UNREACHABLE_CODE = YES;
				CLANG_WARN__DUPLICATE_METHOD_MATCH = YES;
				COPY_PHASE_STRIP = NO;
				DEBUG_INFORMATION_FORMAT = "dwarf-with-dsym";
				ENABLE_NS_ASSERTIONS = NO;
				ENABLE_STRICT_OBJC_MSGSEND = YES;
				GCC_C_LANGUAGE_STANDARD = gnu11;
				GCC_NO_COMMON_BLOCKS = YES;
				GCC_WARN_64_TO_32_BIT_CONVERSION = YES;
				GCC_WARN_ABOUT_RETURN_TYPE = YES_ERROR;
				GCC_WARN_UNDECLARED_SELECTOR = YES;
				GCC_WARN_UNINITIALIZED_AUTOS = YES_AGGRESSIVE;
				GCC_WARN_UNUSED_FUNCTION = YES;
				GCC_WARN_UNUSED_VARIABLE = YES;
				IPHONEOS_DEPLOYMENT_TARGET = 13.5;
				MTL_ENABLE_DEBUG_INFO = NO;
				MTL_FAST_MATH = YES;
				SDKROOT = iphoneos;
				SWIFT_COMPILATION_MODE = wholemodule;
				SWIFT_OPTIMIZATION_LEVEL = "-O";
				VALIDATE_PRODUCT = YES;
			};
			name = Release;
		};
		893DC36A24C16495001A6133 /* Debug */ = {
			isa = XCBuildConfiguration;
			buildSettings = {
				ASSETCATALOG_COMPILER_APPICON_NAME = AppIcon;
				CODE_SIGN_STYLE = Automatic;
				DEVELOPMENT_TEAM = M4K7GTWCV2;
				INFOPLIST_FILE = JBPhoneNumberFormat/Info.plist;
				LD_RUNPATH_SEARCH_PATHS = (
					"$(inherited)",
					"@executable_path/Frameworks",
				);
				PRODUCT_BUNDLE_IDENTIFIER = jb.K.JBPhoneNumberFormat;
				PRODUCT_NAME = "$(TARGET_NAME)";
				SWIFT_VERSION = 5.0;
				TARGETED_DEVICE_FAMILY = "1,2";
			};
			name = Debug;
		};
		893DC36B24C16495001A6133 /* Release */ = {
			isa = XCBuildConfiguration;
			buildSettings = {
				ASSETCATALOG_COMPILER_APPICON_NAME = AppIcon;
				CODE_SIGN_STYLE = Automatic;
				DEVELOPMENT_TEAM = M4K7GTWCV2;
				INFOPLIST_FILE = JBPhoneNumberFormat/Info.plist;
				LD_RUNPATH_SEARCH_PATHS = (
					"$(inherited)",
					"@executable_path/Frameworks",
				);
				PRODUCT_BUNDLE_IDENTIFIER = jb.K.JBPhoneNumberFormat;
				PRODUCT_NAME = "$(TARGET_NAME)";
				SWIFT_VERSION = 5.0;
				TARGETED_DEVICE_FAMILY = "1,2";
			};
			name = Release;
		};
/* End XCBuildConfiguration section */

/* Begin XCConfigurationList section */
		893DC35024C16492001A6133 /* Build configuration list for PBXProject "JBPhoneNumberFormat" */ = {
			isa = XCConfigurationList;
			buildConfigurations = (
				893DC36724C16495001A6133 /* Debug */,
				893DC36824C16495001A6133 /* Release */,
			);
			defaultConfigurationIsVisible = 0;
			defaultConfigurationName = Release;
		};
		893DC36924C16495001A6133 /* Build configuration list for PBXNativeTarget "JBPhoneNumberFormat" */ = {
			isa = XCConfigurationList;
			buildConfigurations = (
				893DC36A24C16495001A6133 /* Debug */,
				893DC36B24C16495001A6133 /* Release */,
			);
			defaultConfigurationIsVisible = 0;
			defaultConfigurationName = Release;
		};
/* End XCConfigurationList section */
	};
	rootObject = 893DC34D24C16492001A6133 /* Project object */;
}
